// !$*UTF8*$!
{
	archiveVersion = 1;
	classes = {
	};
	objectVersion = 46;
	objects = {

/* Begin PBXBuildFile section */
		3C3AC79B1B445E70004114B8 /* AppDelegate.swift in Sources */ = {isa = PBXBuildFile; fileRef = 3C3AC79A1B445E70004114B8 /* AppDelegate.swift */; };
		3C3AC79D1B445E70004114B8 /* ViewController.swift in Sources */ = {isa = PBXBuildFile; fileRef = 3C3AC79C1B445E70004114B8 /* ViewController.swift */; };
		3C3AC7A01B445E70004114B8 /* Main.storyboard in Resources */ = {isa = PBXBuildFile; fileRef = 3C3AC79E1B445E70004114B8 /* Main.storyboard */; };
		3C3AC7A21B445E70004114B8 /* Images.xcassets in Resources */ = {isa = PBXBuildFile; fileRef = 3C3AC7A11B445E70004114B8 /* Images.xcassets */; };
		3C3AC7A51B445E70004114B8 /* LaunchScreen.xib in Resources */ = {isa = PBXBuildFile; fileRef = 3C3AC7A31B445E70004114B8 /* LaunchScreen.xib */; };
		3C3AC7B11B445E70004114B8 /* GetSushiTestTests.swift in Sources */ = {isa = PBXBuildFile; fileRef = 3C3AC7B01B445E70004114B8 /* GetSushiTestTests.swift */; };
		3C3AC7CE1B445FB8004114B8 /* Alamofire.framework in Frameworks */ = {isa = PBXBuildFile; fileRef = 3C3AC7C21B445ED3004114B8 /* Alamofire.framework */; };
		3C3AC7CF1B445FB8004114B8 /* Alamofire.framework in Embed Frameworks */ = {isa = PBXBuildFile; fileRef = 3C3AC7C21B445ED3004114B8 /* Alamofire.framework */; settings = {ATTRIBUTES = (CodeSignOnCopy, RemoveHeadersOnCopy, ); }; };
/* End PBXBuildFile section */

/* Begin PBXContainerItemProxy section */
		3C3AC7AB1B445E70004114B8 /* PBXContainerItemProxy */ = {
			isa = PBXContainerItemProxy;
			containerPortal = 3C3AC78D1B445E70004114B8 /* Project object */;
			proxyType = 1;
			remoteGlobalIDString = 3C3AC7941B445E70004114B8;
			remoteInfo = GetSushiTest;
		};
		3C3AC7C11B445ED3004114B8 /* PBXContainerItemProxy */ = {
			isa = PBXContainerItemProxy;
			containerPortal = 3C3AC7BA1B445ED3004114B8 /* Alamofire.xcodeproj */;
			proxyType = 2;
			remoteGlobalIDString = F8111E3319A95C8B0040E7D1;
			remoteInfo = "Alamofire iOS";
		};
		3C3AC7C31B445ED3004114B8 /* PBXContainerItemProxy */ = {
			isa = PBXContainerItemProxy;
			containerPortal = 3C3AC7BA1B445ED3004114B8 /* Alamofire.xcodeproj */;
			proxyType = 2;
			remoteGlobalIDString = 4DD67C0B1A5C55C900ED2280;
			remoteInfo = "Alamofire OSX";
		};
		3C3AC7C51B445ED3004114B8 /* PBXContainerItemProxy */ = {
			isa = PBXContainerItemProxy;
			containerPortal = 3C3AC7BA1B445ED3004114B8 /* Alamofire.xcodeproj */;
			proxyType = 2;
			remoteGlobalIDString = F8111E3E19A95C8B0040E7D1;
			remoteInfo = "Alamofire iOS Tests";
		};
		3C3AC7C71B445ED3004114B8 /* PBXContainerItemProxy */ = {
			isa = PBXContainerItemProxy;
			containerPortal = 3C3AC7BA1B445ED3004114B8 /* Alamofire.xcodeproj */;
			proxyType = 2;
			remoteGlobalIDString = F829C6B21A7A94F100A2CD59;
			remoteInfo = "Alamofire OSX Tests";
		};
		3C3AC7D01B445FB8004114B8 /* PBXContainerItemProxy */ = {
			isa = PBXContainerItemProxy;
			containerPortal = 3C3AC7BA1B445ED3004114B8 /* Alamofire.xcodeproj */;
			proxyType = 1;
			remoteGlobalIDString = F8111E3219A95C8B0040E7D1;
			remoteInfo = "Alamofire iOS";
		};
/* End PBXContainerItemProxy section */

/* Begin PBXCopyFilesBuildPhase section */
		3C3AC7D21B445FB8004114B8 /* Embed Frameworks */ = {
			isa = PBXCopyFilesBuildPhase;
			buildActionMask = 2147483647;
			dstPath = "";
			dstSubfolderSpec = 10;
			files = (
				3C3AC7CF1B445FB8004114B8 /* Alamofire.framework in Embed Frameworks */,
			);
			name = "Embed Frameworks";
			runOnlyForDeploymentPostprocessing = 0;
		};
/* End PBXCopyFilesBuildPhase section */

/* Begin PBXFileReference section */
		3C3AC7951B445E70004114B8 /* GetSushiTest.app */ = {isa = PBXFileReference; explicitFileType = wrapper.application; includeInIndex = 0; path = GetSushiTest.app; sourceTree = BUILT_PRODUCTS_DIR; };
		3C3AC7991B445E70004114B8 /* Info.plist */ = {isa = PBXFileReference; lastKnownFileType = text.plist.xml; path = Info.plist; sourceTree = "<group>"; };
		3C3AC79A1B445E70004114B8 /* AppDelegate.swift */ = {isa = PBXFileReference; lastKnownFileType = sourcecode.swift; path = AppDelegate.swift; sourceTree = "<group>"; };
		3C3AC79C1B445E70004114B8 /* ViewController.swift */ = {isa = PBXFileReference; lastKnownFileType = sourcecode.swift; path = ViewController.swift; sourceTree = "<group>"; };
		3C3AC79F1B445E70004114B8 /* Base */ = {isa = PBXFileReference; lastKnownFileType = file.storyboard; name = Base; path = Base.lproj/Main.storyboard; sourceTree = "<group>"; };
		3C3AC7A11B445E70004114B8 /* Images.xcassets */ = {isa = PBXFileReference; lastKnownFileType = folder.assetcatalog; path = Images.xcassets; sourceTree = "<group>"; };
		3C3AC7A41B445E70004114B8 /* Base */ = {isa = PBXFileReference; lastKnownFileType = file.xib; name = Base; path = Base.lproj/LaunchScreen.xib; sourceTree = "<group>"; };
		3C3AC7AA1B445E70004114B8 /* GetSushiTestTests.xctest */ = {isa = PBXFileReference; explicitFileType = wrapper.cfbundle; includeInIndex = 0; path = GetSushiTestTests.xctest; sourceTree = BUILT_PRODUCTS_DIR; };
		3C3AC7AF1B445E70004114B8 /* Info.plist */ = {isa = PBXFileReference; lastKnownFileType = text.plist.xml; path = Info.plist; sourceTree = "<group>"; };
		3C3AC7B01B445E70004114B8 /* GetSushiTestTests.swift */ = {isa = PBXFileReference; lastKnownFileType = sourcecode.swift; path = GetSushiTestTests.swift; sourceTree = "<group>"; };
		3C3AC7BA1B445ED3004114B8 /* Alamofire.xcodeproj */ = {isa = PBXFileReference; lastKnownFileType = "wrapper.pb-project"; name = Alamofire.xcodeproj; path = "Alamofire-master/Alamofire.xcodeproj"; sourceTree = "<group>"; };
/* End PBXFileReference section */

/* Begin PBXFrameworksBuildPhase section */
		3C3AC7921B445E70004114B8 /* Frameworks */ = {
			isa = PBXFrameworksBuildPhase;
			buildActionMask = 2147483647;
			files = (
				3C3AC7CE1B445FB8004114B8 /* Alamofire.framework in Frameworks */,
			);
			runOnlyForDeploymentPostprocessing = 0;
		};
		3C3AC7A71B445E70004114B8 /* Frameworks */ = {
			isa = PBXFrameworksBuildPhase;
			buildActionMask = 2147483647;
			files = (
			);
			runOnlyForDeploymentPostprocessing = 0;
		};
/* End PBXFrameworksBuildPhase section */

/* Begin PBXGroup section */
		3C3AC78C1B445E70004114B8 = {
			isa = PBXGroup;
			children = (
				3C3AC7BA1B445ED3004114B8 /* Alamofire.xcodeproj */,
				3C3AC7971B445E70004114B8 /* GetSushiTest */,
				3C3AC7AD1B445E70004114B8 /* GetSushiTestTests */,
				3C3AC7961B445E70004114B8 /* Products */,
			);
			sourceTree = "<group>";
		};
		3C3AC7961B445E70004114B8 /* Products */ = {
			isa = PBXGroup;
			children = (
				3C3AC7951B445E70004114B8 /* GetSushiTest.app */,
				3C3AC7AA1B445E70004114B8 /* GetSushiTestTests.xctest */,
			);
			name = Products;
			sourceTree = "<group>";
		};
		3C3AC7971B445E70004114B8 /* GetSushiTest */ = {
			isa = PBXGroup;
			children = (
				3C3AC79A1B445E70004114B8 /* AppDelegate.swift */,
				3C3AC79C1B445E70004114B8 /* ViewController.swift */,
				3C3AC79E1B445E70004114B8 /* Main.storyboard */,
				3C3AC7A11B445E70004114B8 /* Images.xcassets */,
				3C3AC7A31B445E70004114B8 /* LaunchScreen.xib */,
				3C3AC7981B445E70004114B8 /* Supporting Files */,
			);
			path = GetSushiTest;
			sourceTree = "<group>";
		};
		3C3AC7981B445E70004114B8 /* Supporting Files */ = {
			isa = PBXGroup;
			children = (
				3C3AC7991B445E70004114B8 /* Info.plist */,
			);
			name = "Supporting Files";
			sourceTree = "<group>";
		};
		3C3AC7AD1B445E70004114B8 /* GetSushiTestTests */ = {
			isa = PBXGroup;
			children = (
				3C3AC7B01B445E70004114B8 /* GetSushiTestTests.swift */,
				3C3AC7AE1B445E70004114B8 /* Supporting Files */,
			);
			path = GetSushiTestTests;
			sourceTree = "<group>";
		};
		3C3AC7AE1B445E70004114B8 /* Supporting Files */ = {
			isa = PBXGroup;
			children = (
				3C3AC7AF1B445E70004114B8 /* Info.plist */,
			);
			name = "Supporting Files";
			sourceTree = "<group>";
		};
		3C3AC7BB1B445ED3004114B8 /* Products */ = {
			isa = PBXGroup;
			children = (
				3C3AC7C21B445ED3004114B8 /* Alamofire.framework */,
				3C3AC7C41B445ED3004114B8 /* Alamofire.framework */,
				3C3AC7C61B445ED3004114B8 /* Alamofire iOS Tests.xctest */,
				3C3AC7C81B445ED3004114B8 /* Alamofire OSX Tests.xctest */,
			);
			name = Products;
			sourceTree = "<group>";
		};
/* End PBXGroup section */

/* Begin PBXNativeTarget section */
		3C3AC7941B445E70004114B8 /* GetSushiTest */ = {
			isa = PBXNativeTarget;
			buildConfigurationList = 3C3AC7B41B445E70004114B8 /* Build configuration list for PBXNativeTarget "GetSushiTest" */;
			buildPhases = (
				3C3AC7911B445E70004114B8 /* Sources */,
				3C3AC7921B445E70004114B8 /* Frameworks */,
				3C3AC7931B445E70004114B8 /* Resources */,
				3C3AC7D21B445FB8004114B8 /* Embed Frameworks */,
			);
			buildRules = (
			);
			dependencies = (
				3C3AC7D11B445FB8004114B8 /* PBXTargetDependency */,
			);
			name = GetSushiTest;
			productName = GetSushiTest;
			productReference = 3C3AC7951B445E70004114B8 /* GetSushiTest.app */;
			productType = "com.apple.product-type.application";
		};
		3C3AC7A91B445E70004114B8 /* GetSushiTestTests */ = {
			isa = PBXNativeTarget;
			buildConfigurationList = 3C3AC7B71B445E70004114B8 /* Build configuration list for PBXNativeTarget "GetSushiTestTests" */;
			buildPhases = (
				3C3AC7A61B445E70004114B8 /* Sources */,
				3C3AC7A71B445E70004114B8 /* Frameworks */,
				3C3AC7A81B445E70004114B8 /* Resources */,
			);
			buildRules = (
			);
			dependencies = (
				3C3AC7AC1B445E70004114B8 /* PBXTargetDependency */,
			);
			name = GetSushiTestTests;
			productName = GetSushiTestTests;
			productReference = 3C3AC7AA1B445E70004114B8 /* GetSushiTestTests.xctest */;
			productType = "com.apple.product-type.bundle.unit-test";
		};
/* End PBXNativeTarget section */

/* Begin PBXProject section */
		3C3AC78D1B445E70004114B8 /* Project object */ = {
			isa = PBXProject;
			attributes = {
				LastUpgradeCheck = 0630;
				ORGANIZATIONNAME = "Kris Kane";
				TargetAttributes = {
					3C3AC7941B445E70004114B8 = {
						CreatedOnToolsVersion = 6.3.2;
					};
					3C3AC7A91B445E70004114B8 = {
						CreatedOnToolsVersion = 6.3.2;
						TestTargetID = 3C3AC7941B445E70004114B8;
					};
				};
			};
			buildConfigurationList = 3C3AC7901B445E70004114B8 /* Build configuration list for PBXProject "GetSushiTest" */;
			compatibilityVersion = "Xcode 3.2";
			developmentRegion = English;
			hasScannedForEncodings = 0;
			knownRegions = (
				en,
				Base,
			);
			mainGroup = 3C3AC78C1B445E70004114B8;
			productRefGroup = 3C3AC7961B445E70004114B8 /* Products */;
			projectDirPath = "";
			projectReferences = (
				{
					ProductGroup = 3C3AC7BB1B445ED3004114B8 /* Products */;
					ProjectRef = 3C3AC7BA1B445ED3004114B8 /* Alamofire.xcodeproj */;
				},
			);
			projectRoot = "";
			targets = (
				3C3AC7941B445E70004114B8 /* GetSushiTest */,
				3C3AC7A91B445E70004114B8 /* GetSushiTestTests */,
			);
		};
/* End PBXProject section */

/* Begin PBXReferenceProxy section */
		3C3AC7C21B445ED3004114B8 /* Alamofire.framework */ = {
			isa = PBXReferenceProxy;
			fileType = wrapper.framework;
			path = Alamofire.framework;
			remoteRef = 3C3AC7C11B445ED3004114B8 /* PBXContainerItemProxy */;
			sourceTree = BUILT_PRODUCTS_DIR;
		};
		3C3AC7C41B445ED3004114B8 /* Alamofire.framework */ = {
			isa = PBXReferenceProxy;
			fileType = wrapper.framework;
			path = Alamofire.framework;
			remoteRef = 3C3AC7C31B445ED3004114B8 /* PBXContainerItemProxy */;
			sourceTree = BUILT_PRODUCTS_DIR;
		};
		3C3AC7C61B445ED3004114B8 /* Alamofire iOS Tests.xctest */ = {
			isa = PBXReferenceProxy;
			fileType = wrapper.cfbundle;
			path = "Alamofire iOS Tests.xctest";
			remoteRef = 3C3AC7C51B445ED3004114B8 /* PBXContainerItemProxy */;
			sourceTree = BUILT_PRODUCTS_DIR;
		};
		3C3AC7C81B445ED3004114B8 /* Alamofire OSX Tests.xctest */ = {
			isa = PBXReferenceProxy;
			fileType = wrapper.cfbundle;
			path = "Alamofire OSX Tests.xctest";
			remoteRef = 3C3AC7C71B445ED3004114B8 /* PBXContainerItemProxy */;
			sourceTree = BUILT_PRODUCTS_DIR;
		};
/* End PBXReferenceProxy section */

/* Begin PBXResourcesBuildPhase section */
		3C3AC7931B445E70004114B8 /* Resources */ = {
			isa = PBXResourcesBuildPhase;
			buildActionMask = 2147483647;
			files = (
				3C3AC7A01B445E70004114B8 /* Main.storyboard in Resources */,
				3C3AC7A51B445E70004114B8 /* LaunchScreen.xib in Resources */,
				3C3AC7A21B445E70004114B8 /* Images.xcassets in Resources */,
			);
			runOnlyForDeploymentPostprocessing = 0;
		};
		3C3AC7A81B445E70004114B8 /* Resources */ = {
			isa = PBXResourcesBuildPhase;
			buildActionMask = 2147483647;
			files = (
			);
			runOnlyForDeploymentPostprocessing = 0;
		};
/* End PBXResourcesBuildPhase section */

/* Begin PBXSourcesBuildPhase section */
		3C3AC7911B445E70004114B8 /* Sources */ = {
			isa = PBXSourcesBuildPhase;
			buildActionMask = 2147483647;
			files = (
				3C3AC79D1B445E70004114B8 /* ViewController.swift in Sources */,
				3C3AC79B1B445E70004114B8 /* AppDelegate.swift in Sources */,
			);
			runOnlyForDeploymentPostprocessing = 0;
		};
		3C3AC7A61B445E70004114B8 /* Sources */ = {
			isa = PBXSourcesBuildPhase;
			buildActionMask = 2147483647;
			files = (
				3C3AC7B11B445E70004114B8 /* GetSushiTestTests.swift in Sources */,
			);
			runOnlyForDeploymentPostprocessing = 0;
		};
/* End PBXSourcesBuildPhase section */

/* Begin PBXTargetDependency section */
		3C3AC7AC1B445E70004114B8 /* PBXTargetDependency */ = {
			isa = PBXTargetDependency;
			target = 3C3AC7941B445E70004114B8 /* GetSushiTest */;
			targetProxy = 3C3AC7AB1B445E70004114B8 /* PBXContainerItemProxy */;
		};
		3C3AC7D11B445FB8004114B8 /* PBXTargetDependency */ = {
			isa = PBXTargetDependency;
			name = "Alamofire iOS";
			targetProxy = 3C3AC7D01B445FB8004114B8 /* PBXContainerItemProxy */;
		};
/* End PBXTargetDependency section */

/* Begin PBXVariantGroup section */
		3C3AC79E1B445E70004114B8 /* Main.storyboard */ = {
			isa = PBXVariantGroup;
			children = (
				3C3AC79F1B445E70004114B8 /* Base */,
			);
			name = Main.storyboard;
			sourceTree = "<group>";
		};
		3C3AC7A31B445E70004114B8 /* LaunchScreen.xib */ = {
			isa = PBXVariantGroup;
			children = (
				3C3AC7A41B445E70004114B8 /* Base */,
			);
			name = LaunchScreen.xib;
			sourceTree = "<group>";
		};
/* End PBXVariantGroup section */

/* Begin XCBuildConfiguration section */
		3C3AC7B21B445E70004114B8 /* Debug */ = {
			isa = XCBuildConfiguration;
			buildSettings = {
				ALWAYS_SEARCH_USER_PATHS = NO;
				CLANG_CXX_LANGUAGE_STANDARD = "gnu++0x";
				CLANG_CXX_LIBRARY = "libc++";
				CLANG_ENABLE_MODULES = YES;
				CLANG_ENABLE_OBJC_ARC = YES;
				CLANG_WARN_BOOL_CONVERSION = YES;
				CLANG_WARN_CONSTANT_CONVERSION = YES;
				CLANG_WARN_DIRECT_OBJC_ISA_USAGE = YES_ERROR;
				CLANG_WARN_EMPTY_BODY = YES;
				CLANG_WARN_ENUM_CONVERSION = YES;
				CLANG_WARN_INT_CONVERSION = YES;
				CLANG_WARN_OBJC_ROOT_CLASS = YES_ERROR;
				CLANG_WARN_UNREACHABLE_CODE = YES;
				CLANG_WARN__DUPLICATE_METHOD_MATCH = YES;
				"CODE_SIGN_IDENTITY[sdk=iphoneos*]" = "iPhone Developer";
				COPY_PHASE_STRIP = NO;
				DEBUG_INFORMATION_FORMAT = "dwarf-with-dsym";
				ENABLE_STRICT_OBJC_MSGSEND = YES;
				GCC_C_LANGUAGE_STANDARD = gnu99;
				GCC_DYNAMIC_NO_PIC = NO;
				GCC_NO_COMMON_BLOCKS = YES;
				GCC_OPTIMIZATION_LEVEL = 0;
				GCC_PREPROCESSOR_DEFINITIONS = (
					"DEBUG=1",
					"$(inherited)",
				);
				GCC_SYMBOLS_PRIVATE_EXTERN = NO;
				GCC_WARN_64_TO_32_BIT_CONVERSION = YES;
				GCC_WARN_ABOUT_RETURN_TYPE = YES_ERROR;
				GCC_WARN_UNDECLARED_SELECTOR = YES;
				GCC_WARN_UNINITIALIZED_AUTOS = YES_AGGRESSIVE;
				GCC_WARN_UNUSED_FUNCTION = YES;
				GCC_WARN_UNUSED_VARIABLE = YES;
				IPHONEOS_DEPLOYMENT_TARGET = 8.3;
				MTL_ENABLE_DEBUG_INFO = YES;
				ONLY_ACTIVE_ARCH = YES;
				SDKROOT = iphoneos;
				SWIFT_OPTIMIZATION_LEVEL = "-Onone";
			};
			name = Debug;
		};
		3C3AC7B31B445E70004114B8 /* Release */ = {
			isa = XCBuildConfiguration;
			buildSettings = {
				ALWAYS_SEARCH_USER_PATHS = NO;
				CLANG_CXX_LANGUAGE_STANDARD = "gnu++0x";
				CLANG_CXX_LIBRARY = "libc++";
				CLANG_ENABLE_MODULES = YES;
				CLANG_ENABLE_OBJC_ARC = YES;
				CLANG_WARN_BOOL_CONVERSION = YES;
				CLANG_WARN_CONSTANT_CONVERSION = YES;
				CLANG_WARN_DIRECT_OBJC_ISA_USAGE = YES_ERROR;
				CLANG_WARN_EMPTY_BODY = YES;
				CLANG_WARN_ENUM_CONVERSION = YES;
				CLANG_WARN_INT_CONVERSION = YES;
				CLANG_WARN_OBJC_ROOT_CLASS = YES_ERROR;
				CLANG_WARN_UNREACHABLE_CODE = YES;
				CLANG_WARN__DUPLICATE_METHOD_MATCH = YES;
				"CODE_SIGN_IDENTITY[sdk=iphoneos*]" = "iPhone Developer";
				COPY_PHASE_STRIP = NO;
				DEBUG_INFORMATION_FORMAT = "dwarf-with-dsym";
				ENABLE_NS_ASSERTIONS = NO;
				ENABLE_STRICT_OBJC_MSGSEND = YES;
				GCC_C_LANGUAGE_STANDARD = gnu99;
				GCC_NO_COMMON_BLOCKS = YES;
				GCC_WARN_64_TO_32_BIT_CONVERSION = YES;
				GCC_WARN_ABOUT_RETURN_TYPE = YES_ERROR;
				GCC_WARN_UNDECLARED_SELECTOR = YES;
				GCC_WARN_UNINITIALIZED_AUTOS = YES_AGGRESSIVE;
				GCC_WARN_UNUSED_FUNCTION = YES;
				GCC_WARN_UNUSED_VARIABLE = YES;
				IPHONEOS_DEPLOYMENT_TARGET = 8.3;
				MTL_ENABLE_DEBUG_INFO = NO;
				SDKROOT = iphoneos;
				VALIDATE_PRODUCT = YES;
			};
			name = Release;
		};
		3C3AC7B51B445E70004114B8 /* Debug */ = {
			isa = XCBuildConfiguration;
			buildSettings = {
				ASSETCATALOG_COMPILER_APPICON_NAME = AppIcon;
				INFOPLIST_FILE = GetSushiTest/Info.plist;
				LD_RUNPATH_SEARCH_PATHS = "$(inherited) @executable_path/Frameworks";
				PRODUCT_NAME = "$(TARGET_NAME)";
			};
			name = Debug;
		};
		3C3AC7B61B445E70004114B8 /* Release */ = {
			isa = XCBuildConfiguration;
			buildSettings = {
				ASSETCATALOG_COMPILER_APPICON_NAME = AppIcon;
				INFOPLIST_FILE = GetSushiTest/Info.plist;
				LD_RUNPATH_SEARCH_PATHS = "$(inherited) @executable_path/Frameworks";
				PRODUCT_NAME = "$(TARGET_NAME)";
			};
			name = Release;
		};
		3C3AC7B81B445E70004114B8 /* Debug */ = {
			isa = XCBuildConfiguration;
			buildSettings = {
				BUNDLE_LOADER = "$(TEST_HOST)";
				FRAMEWORK_SEARCH_PATHS = (
					"$(SDKROOT)/Developer/Library/Frameworks",
					"$(inherited)",
				);
				GCC_PREPROCESSOR_DEFINITIONS = (
					"DEBUG=1",
					"$(inherited)",
				);
				INFOPLIST_FILE = GetSushiTestTests/Info.plist;
				LD_RUNPATH_SEARCH_PATHS = "$(inherited) @executable_path/Frameworks @loader_path/Frameworks";
				PRODUCT_NAME = "$(TARGET_NAME)";
				TEST_HOST = "$(BUILT_PRODUCTS_DIR)/GetSushiTest.app/GetSushiTest";
			};
			name = Debug;
		};
		3C3AC7B91B445E70004114B8 /* Release */ = {
			isa = XCBuildConfiguration;
			buildSettings = {
				BUNDLE_LOADER = "$(TEST_HOST)";
				FRAMEWORK_SEARCH_PATHS = (
					"$(SDKROOT)/Developer/Library/Frameworks",
					"$(inherited)",
				);
				INFOPLIST_FILE = GetSushiTestTests/Info.plist;
				LD_RUNPATH_SEARCH_PATHS = "$(inherited) @executable_path/Frameworks @loader_path/Frameworks";
				PRODUCT_NAME = "$(TARGET_NAME)";
				TEST_HOST = "$(BUILT_PRODUCTS_DIR)/GetSushiTest.app/GetSushiTest";
			};
			name = Release;
		};
/* End XCBuildConfiguration section */

/* Begin XCConfigurationList section */
		3C3AC7901B445E70004114B8 /* Build configuration list for PBXProject "GetSushiTest" */ = {
			isa = XCConfigurationList;
			buildConfigurations = (
				3C3AC7B21B445E70004114B8 /* Debug */,
				3C3AC7B31B445E70004114B8 /* Release */,
			);
			defaultConfigurationIsVisible = 0;
			defaultConfigurationName = Release;
		};
		3C3AC7B41B445E70004114B8 /* Build configuration list for PBXNativeTarget "GetSushiTest" */ = {
			isa = XCConfigurationList;
			buildConfigurations = (
				3C3AC7B51B445E70004114B8 /* Debug */,
				3C3AC7B61B445E70004114B8 /* Release */,
			);
			defaultConfigurationIsVisible = 0;
		};
		3C3AC7B71B445E70004114B8 /* Build configuration list for PBXNativeTarget "GetSushiTestTests" */ = {
			isa = XCConfigurationList;
			buildConfigurations = (
				3C3AC7B81B445E70004114B8 /* Debug */,
				3C3AC7B91B445E70004114B8 /* Release */,
			);
			defaultConfigurationIsVisible = 0;
		};
/* End XCConfigurationList section */
	};
	rootObject = 3C3AC78D1B445E70004114B8 /* Project object */;
}
