// !$*UTF8*$!
{
	archiveVersion = 1;
	classes = {
	};
	objectVersion = 46;
	objects = {

/* Begin PBXBuildFile section */
		3C495FDC1B445824001D8BC0 /* AppDelegate.swift in Sources */ = {isa = PBXBuildFile; fileRef = 3C495FDB1B445824001D8BC0 /* AppDelegate.swift */; };
		3C495FDE1B445824001D8BC0 /* ViewController.swift in Sources */ = {isa = PBXBuildFile; fileRef = 3C495FDD1B445824001D8BC0 /* ViewController.swift */; };
		3C495FE11B445824001D8BC0 /* Main.storyboard in Resources */ = {isa = PBXBuildFile; fileRef = 3C495FDF1B445824001D8BC0 /* Main.storyboard */; };
		3C495FE31B445824001D8BC0 /* Images.xcassets in Resources */ = {isa = PBXBuildFile; fileRef = 3C495FE21B445824001D8BC0 /* Images.xcassets */; };
		3C495FE61B445824001D8BC0 /* LaunchScreen.xib in Resources */ = {isa = PBXBuildFile; fileRef = 3C495FE41B445824001D8BC0 /* LaunchScreen.xib */; };
		3C495FF21B445824001D8BC0 /* RayWenderlichAFTutorialTests.swift in Sources */ = {isa = PBXBuildFile; fileRef = 3C495FF11B445824001D8BC0 /* RayWenderlichAFTutorialTests.swift */; };
/* End PBXBuildFile section */

/* Begin PBXContainerItemProxy section */
		3C495FEC1B445824001D8BC0 /* PBXContainerItemProxy */ = {
			isa = PBXContainerItemProxy;
			containerPortal = 3C495FCE1B445824001D8BC0 /* Project object */;
			proxyType = 1;
			remoteGlobalIDString = 3C495FD51B445824001D8BC0;
			remoteInfo = RayWenderlichAFTutorial;
		};
/* End PBXContainerItemProxy section */

/* Begin PBXFileReference section */
		3C495FD61B445824001D8BC0 /* RayWenderlichAFTutorial.app */ = {isa = PBXFileReference; explicitFileType = wrapper.application; includeInIndex = 0; path = RayWenderlichAFTutorial.app; sourceTree = BUILT_PRODUCTS_DIR; };
		3C495FDA1B445824001D8BC0 /* Info.plist */ = {isa = PBXFileReference; lastKnownFileType = text.plist.xml; path = Info.plist; sourceTree = "<group>"; };
		3C495FDB1B445824001D8BC0 /* AppDelegate.swift */ = {isa = PBXFileReference; lastKnownFileType = sourcecode.swift; path = AppDelegate.swift; sourceTree = "<group>"; };
		3C495FDD1B445824001D8BC0 /* ViewController.swift */ = {isa = PBXFileReference; lastKnownFileType = sourcecode.swift; path = ViewController.swift; sourceTree = "<group>"; };
		3C495FE01B445824001D8BC0 /* Base */ = {isa = PBXFileReference; lastKnownFileType = file.storyboard; name = Base; path = Base.lproj/Main.storyboard; sourceTree = "<group>"; };
		3C495FE21B445824001D8BC0 /* Images.xcassets */ = {isa = PBXFileReference; lastKnownFileType = folder.assetcatalog; path = Images.xcassets; sourceTree = "<group>"; };
		3C495FE51B445824001D8BC0 /* Base */ = {isa = PBXFileReference; lastKnownFileType = file.xib; name = Base; path = Base.lproj/LaunchScreen.xib; sourceTree = "<group>"; };
		3C495FEB1B445824001D8BC0 /* RayWenderlichAFTutorialTests.xctest */ = {isa = PBXFileReference; explicitFileType = wrapper.cfbundle; includeInIndex = 0; path = RayWenderlichAFTutorialTests.xctest; sourceTree = BUILT_PRODUCTS_DIR; };
		3C495FF01B445824001D8BC0 /* Info.plist */ = {isa = PBXFileReference; lastKnownFileType = text.plist.xml; path = Info.plist; sourceTree = "<group>"; };
		3C495FF11B445824001D8BC0 /* RayWenderlichAFTutorialTests.swift */ = {isa = PBXFileReference; lastKnownFileType = sourcecode.swift; path = RayWenderlichAFTutorialTests.swift; sourceTree = "<group>"; };
/* End PBXFileReference section */

/* Begin PBXFrameworksBuildPhase section */
		3C495FD31B445824001D8BC0 /* Frameworks */ = {
			isa = PBXFrameworksBuildPhase;
			buildActionMask = 2147483647;
			files = (
			);
			runOnlyForDeploymentPostprocessing = 0;
		};
		3C495FE81B445824001D8BC0 /* Frameworks */ = {
			isa = PBXFrameworksBuildPhase;
			buildActionMask = 2147483647;
			files = (
			);
			runOnlyForDeploymentPostprocessing = 0;
		};
/* End PBXFrameworksBuildPhase section */

/* Begin PBXGroup section */
		3C495FCD1B445824001D8BC0 = {
			isa = PBXGroup;
			children = (
				3C495FD81B445824001D8BC0 /* RayWenderlichAFTutorial */,
				3C495FEE1B445824001D8BC0 /* RayWenderlichAFTutorialTests */,
				3C495FD71B445824001D8BC0 /* Products */,
			);
			sourceTree = "<group>";
		};
		3C495FD71B445824001D8BC0 /* Products */ = {
			isa = PBXGroup;
			children = (
				3C495FD61B445824001D8BC0 /* RayWenderlichAFTutorial.app */,
				3C495FEB1B445824001D8BC0 /* RayWenderlichAFTutorialTests.xctest */,
			);
			name = Products;
			sourceTree = "<group>";
		};
		3C495FD81B445824001D8BC0 /* RayWenderlichAFTutorial */ = {
			isa = PBXGroup;
			children = (
				3C495FDB1B445824001D8BC0 /* AppDelegate.swift */,
				3C495FDD1B445824001D8BC0 /* ViewController.swift */,
				3C495FDF1B445824001D8BC0 /* Main.storyboard */,
				3C495FE21B445824001D8BC0 /* Images.xcassets */,
				3C495FE41B445824001D8BC0 /* LaunchScreen.xib */,
				3C495FD91B445824001D8BC0 /* Supporting Files */,
			);
			path = RayWenderlichAFTutorial;
			sourceTree = "<group>";
		};
		3C495FD91B445824001D8BC0 /* Supporting Files */ = {
			isa = PBXGroup;
			children = (
				3C495FDA1B445824001D8BC0 /* Info.plist */,
			);
			name = "Supporting Files";
			sourceTree = "<group>";
		};
		3C495FEE1B445824001D8BC0 /* RayWenderlichAFTutorialTests */ = {
			isa = PBXGroup;
			children = (
				3C495FF11B445824001D8BC0 /* RayWenderlichAFTutorialTests.swift */,
				3C495FEF1B445824001D8BC0 /* Supporting Files */,
			);
			path = RayWenderlichAFTutorialTests;
			sourceTree = "<group>";
		};
		3C495FEF1B445824001D8BC0 /* Supporting Files */ = {
			isa = PBXGroup;
			children = (
				3C495FF01B445824001D8BC0 /* Info.plist */,
			);
			name = "Supporting Files";
			sourceTree = "<group>";
		};
/* End PBXGroup section */

/* Begin PBXNativeTarget section */
		3C495FD51B445824001D8BC0 /* RayWenderlichAFTutorial */ = {
			isa = PBXNativeTarget;
			buildConfigurationList = 3C495FF51B445824001D8BC0 /* Build configuration list for PBXNativeTarget "RayWenderlichAFTutorial" */;
			buildPhases = (
				3C495FD21B445824001D8BC0 /* Sources */,
				3C495FD31B445824001D8BC0 /* Frameworks */,
				3C495FD41B445824001D8BC0 /* Resources */,
			);
			buildRules = (
			);
			dependencies = (
			);
			name = RayWenderlichAFTutorial;
			productName = RayWenderlichAFTutorial;
			productReference = 3C495FD61B445824001D8BC0 /* RayWenderlichAFTutorial.app */;
			productType = "com.apple.product-type.application";
		};
		3C495FEA1B445824001D8BC0 /* RayWenderlichAFTutorialTests */ = {
			isa = PBXNativeTarget;
			buildConfigurationList = 3C495FF81B445824001D8BC0 /* Build configuration list for PBXNativeTarget "RayWenderlichAFTutorialTests" */;
			buildPhases = (
				3C495FE71B445824001D8BC0 /* Sources */,
				3C495FE81B445824001D8BC0 /* Frameworks */,
				3C495FE91B445824001D8BC0 /* Resources */,
			);
			buildRules = (
			);
			dependencies = (
				3C495FED1B445824001D8BC0 /* PBXTargetDependency */,
			);
			name = RayWenderlichAFTutorialTests;
			productName = RayWenderlichAFTutorialTests;
			productReference = 3C495FEB1B445824001D8BC0 /* RayWenderlichAFTutorialTests.xctest */;
			productType = "com.apple.product-type.bundle.unit-test";
		};
/* End PBXNativeTarget section */

/* Begin PBXProject section */
		3C495FCE1B445824001D8BC0 /* Project object */ = {
			isa = PBXProject;
			attributes = {
				LastUpgradeCheck = 0630;
				ORGANIZATIONNAME = "Kris Kane";
				TargetAttributes = {
					3C495FD51B445824001D8BC0 = {
						CreatedOnToolsVersion = 6.3.2;
					};
					3C495FEA1B445824001D8BC0 = {
						CreatedOnToolsVersion = 6.3.2;
						TestTargetID = 3C495FD51B445824001D8BC0;
					};
				};
			};
			buildConfigurationList = 3C495FD11B445824001D8BC0 /* Build configuration list for PBXProject "RayWenderlichAFTutorial" */;
			compatibilityVersion = "Xcode 3.2";
			developmentRegion = English;
			hasScannedForEncodings = 0;
			knownRegions = (
				en,
				Base,
			);
			mainGroup = 3C495FCD1B445824001D8BC0;
			productRefGroup = 3C495FD71B445824001D8BC0 /* Products */;
			projectDirPath = "";
			projectRoot = "";
			targets = (
				3C495FD51B445824001D8BC0 /* RayWenderlichAFTutorial */,
				3C495FEA1B445824001D8BC0 /* RayWenderlichAFTutorialTests */,
			);
		};
/* End PBXProject section */

/* Begin PBXResourcesBuildPhase section */
		3C495FD41B445824001D8BC0 /* Resources */ = {
			isa = PBXResourcesBuildPhase;
			buildActionMask = 2147483647;
			files = (
				3C495FE11B445824001D8BC0 /* Main.storyboard in Resources */,
				3C495FE61B445824001D8BC0 /* LaunchScreen.xib in Resources */,
				3C495FE31B445824001D8BC0 /* Images.xcassets in Resources */,
			);
			runOnlyForDeploymentPostprocessing = 0;
		};
		3C495FE91B445824001D8BC0 /* Resources */ = {
			isa = PBXResourcesBuildPhase;
			buildActionMask = 2147483647;
			files = (
			);
			runOnlyForDeploymentPostprocessing = 0;
		};
/* End PBXResourcesBuildPhase section */

/* Begin PBXSourcesBuildPhase section */
		3C495FD21B445824001D8BC0 /* Sources */ = {
			isa = PBXSourcesBuildPhase;
			buildActionMask = 2147483647;
			files = (
				3C495FDE1B445824001D8BC0 /* ViewController.swift in Sources */,
				3C495FDC1B445824001D8BC0 /* AppDelegate.swift in Sources */,
			);
			runOnlyForDeploymentPostprocessing = 0;
		};
		3C495FE71B445824001D8BC0 /* Sources */ = {
			isa = PBXSourcesBuildPhase;
			buildActionMask = 2147483647;
			files = (
				3C495FF21B445824001D8BC0 /* RayWenderlichAFTutorialTests.swift in Sources */,
			);
			runOnlyForDeploymentPostprocessing = 0;
		};
/* End PBXSourcesBuildPhase section */

/* Begin PBXTargetDependency section */
		3C495FED1B445824001D8BC0 /* PBXTargetDependency */ = {
			isa = PBXTargetDependency;
			target = 3C495FD51B445824001D8BC0 /* RayWenderlichAFTutorial */;
			targetProxy = 3C495FEC1B445824001D8BC0 /* PBXContainerItemProxy */;
		};
/* End PBXTargetDependency section */

/* Begin PBXVariantGroup section */
		3C495FDF1B445824001D8BC0 /* Main.storyboard */ = {
			isa = PBXVariantGroup;
			children = (
				3C495FE01B445824001D8BC0 /* Base */,
			);
			name = Main.storyboard;
			sourceTree = "<group>";
		};
		3C495FE41B445824001D8BC0 /* LaunchScreen.xib */ = {
			isa = PBXVariantGroup;
			children = (
				3C495FE51B445824001D8BC0 /* Base */,
			);
			name = LaunchScreen.xib;
			sourceTree = "<group>";
		};
/* End PBXVariantGroup section */

/* Begin XCBuildConfiguration section */
		3C495FF31B445824001D8BC0 /* Debug */ = {
			isa = XCBuildConfiguration;
			buildSettings = {
				ALWAYS_SEARCH_USER_PATHS = NO;
				CLANG_CXX_LANGUAGE_STANDARD = "gnu++0x";
				CLANG_CXX_LIBRARY = "libc++";
				CLANG_ENABLE_MODULES = YES;
				CLANG_ENABLE_OBJC_ARC = YES;
				CLANG_WARN_BOOL_CONVERSION = YES;
				CLANG_WARN_CONSTANT_CONVERSION = YES;
				CLANG_WARN_DIRECT_OBJC_ISA_USAGE = YES_ERROR;
				CLANG_WARN_EMPTY_BODY = YES;
				CLANG_WARN_ENUM_CONVERSION = YES;
				CLANG_WARN_INT_CONVERSION = YES;
				CLANG_WARN_OBJC_ROOT_CLASS = YES_ERROR;
				CLANG_WARN_UNREACHABLE_CODE = YES;
				CLANG_WARN__DUPLICATE_METHOD_MATCH = YES;
				"CODE_SIGN_IDENTITY[sdk=iphoneos*]" = "iPhone Developer";
				COPY_PHASE_STRIP = NO;
				DEBUG_INFORMATION_FORMAT = "dwarf-with-dsym";
				ENABLE_STRICT_OBJC_MSGSEND = YES;
				GCC_C_LANGUAGE_STANDARD = gnu99;
				GCC_DYNAMIC_NO_PIC = NO;
				GCC_NO_COMMON_BLOCKS = YES;
				GCC_OPTIMIZATION_LEVEL = 0;
				GCC_PREPROCESSOR_DEFINITIONS = (
					"DEBUG=1",
					"$(inherited)",
				);
				GCC_SYMBOLS_PRIVATE_EXTERN = NO;
				GCC_WARN_64_TO_32_BIT_CONVERSION = YES;
				GCC_WARN_ABOUT_RETURN_TYPE = YES_ERROR;
				GCC_WARN_UNDECLARED_SELECTOR = YES;
				GCC_WARN_UNINITIALIZED_AUTOS = YES_AGGRESSIVE;
				GCC_WARN_UNUSED_FUNCTION = YES;
				GCC_WARN_UNUSED_VARIABLE = YES;
				IPHONEOS_DEPLOYMENT_TARGET = 8.3;
				MTL_ENABLE_DEBUG_INFO = YES;
				ONLY_ACTIVE_ARCH = YES;
				SDKROOT = iphoneos;
				SWIFT_OPTIMIZATION_LEVEL = "-Onone";
			};
			name = Debug;
		};
		3C495FF41B445824001D8BC0 /* Release */ = {
			isa = XCBuildConfiguration;
			buildSettings = {
				ALWAYS_SEARCH_USER_PATHS = NO;
				CLANG_CXX_LANGUAGE_STANDARD = "gnu++0x";
				CLANG_CXX_LIBRARY = "libc++";
				CLANG_ENABLE_MODULES = YES;
				CLANG_ENABLE_OBJC_ARC = YES;
				CLANG_WARN_BOOL_CONVERSION = YES;
				CLANG_WARN_CONSTANT_CONVERSION = YES;
				CLANG_WARN_DIRECT_OBJC_ISA_USAGE = YES_ERROR;
				CLANG_WARN_EMPTY_BODY = YES;
				CLANG_WARN_ENUM_CONVERSION = YES;
				CLANG_WARN_INT_CONVERSION = YES;
				CLANG_WARN_OBJC_ROOT_CLASS = YES_ERROR;
				CLANG_WARN_UNREACHABLE_CODE = YES;
				CLANG_WARN__DUPLICATE_METHOD_MATCH = YES;
				"CODE_SIGN_IDENTITY[sdk=iphoneos*]" = "iPhone Developer";
				COPY_PHASE_STRIP = NO;
				DEBUG_INFORMATION_FORMAT = "dwarf-with-dsym";
				ENABLE_NS_ASSERTIONS = NO;
				ENABLE_STRICT_OBJC_MSGSEND = YES;
				GCC_C_LANGUAGE_STANDARD = gnu99;
				GCC_NO_COMMON_BLOCKS = YES;
				GCC_WARN_64_TO_32_BIT_CONVERSION = YES;
				GCC_WARN_ABOUT_RETURN_TYPE = YES_ERROR;
				GCC_WARN_UNDECLARED_SELECTOR = YES;
				GCC_WARN_UNINITIALIZED_AUTOS = YES_AGGRESSIVE;
				GCC_WARN_UNUSED_FUNCTION = YES;
				GCC_WARN_UNUSED_VARIABLE = YES;
				IPHONEOS_DEPLOYMENT_TARGET = 8.3;
				MTL_ENABLE_DEBUG_INFO = NO;
				SDKROOT = iphoneos;
				VALIDATE_PRODUCT = YES;
			};
			name = Release;
		};
		3C495FF61B445824001D8BC0 /* Debug */ = {
			isa = XCBuildConfiguration;
			buildSettings = {
				ASSETCATALOG_COMPILER_APPICON_NAME = AppIcon;
				INFOPLIST_FILE = RayWenderlichAFTutorial/Info.plist;
				LD_RUNPATH_SEARCH_PATHS = "$(inherited) @executable_path/Frameworks";
				PRODUCT_NAME = "$(TARGET_NAME)";
			};
			name = Debug;
		};
		3C495FF71B445824001D8BC0 /* Release */ = {
			isa = XCBuildConfiguration;
			buildSettings = {
				ASSETCATALOG_COMPILER_APPICON_NAME = AppIcon;
				INFOPLIST_FILE = RayWenderlichAFTutorial/Info.plist;
				LD_RUNPATH_SEARCH_PATHS = "$(inherited) @executable_path/Frameworks";
				PRODUCT_NAME = "$(TARGET_NAME)";
			};
			name = Release;
		};
		3C495FF91B445824001D8BC0 /* Debug */ = {
			isa = XCBuildConfiguration;
			buildSettings = {
				BUNDLE_LOADER = "$(TEST_HOST)";
				FRAMEWORK_SEARCH_PATHS = (
					"$(SDKROOT)/Developer/Library/Frameworks",
					"$(inherited)",
				);
				GCC_PREPROCESSOR_DEFINITIONS = (
					"DEBUG=1",
					"$(inherited)",
				);
				INFOPLIST_FILE = RayWenderlichAFTutorialTests/Info.plist;
				LD_RUNPATH_SEARCH_PATHS = "$(inherited) @executable_path/Frameworks @loader_path/Frameworks";
				PRODUCT_NAME = "$(TARGET_NAME)";
				TEST_HOST = "$(BUILT_PRODUCTS_DIR)/RayWenderlichAFTutorial.app/RayWenderlichAFTutorial";
			};
			name = Debug;
		};
		3C495FFA1B445824001D8BC0 /* Release */ = {
			isa = XCBuildConfiguration;
			buildSettings = {
				BUNDLE_LOADER = "$(TEST_HOST)";
				FRAMEWORK_SEARCH_PATHS = (
					"$(SDKROOT)/Developer/Library/Frameworks",
					"$(inherited)",
				);
				INFOPLIST_FILE = RayWenderlichAFTutorialTests/Info.plist;
				LD_RUNPATH_SEARCH_PATHS = "$(inherited) @executable_path/Frameworks @loader_path/Frameworks";
				PRODUCT_NAME = "$(TARGET_NAME)";
				TEST_HOST = "$(BUILT_PRODUCTS_DIR)/RayWenderlichAFTutorial.app/RayWenderlichAFTutorial";
			};
			name = Release;
		};
/* End XCBuildConfiguration section */

/* Begin XCConfigurationList section */
		3C495FD11B445824001D8BC0 /* Build configuration list for PBXProject "RayWenderlichAFTutorial" */ = {
			isa = XCConfigurationList;
			buildConfigurations = (
				3C495FF31B445824001D8BC0 /* Debug */,
				3C495FF41B445824001D8BC0 /* Release */,
			);
			defaultConfigurationIsVisible = 0;
			defaultConfigurationName = Release;
		};
		3C495FF51B445824001D8BC0 /* Build configuration list for PBXNativeTarget "RayWenderlichAFTutorial" */ = {
			isa = XCConfigurationList;
			buildConfigurations = (
				3C495FF61B445824001D8BC0 /* Debug */,
				3C495FF71B445824001D8BC0 /* Release */,
			);
			defaultConfigurationIsVisible = 0;
		};
		3C495FF81B445824001D8BC0 /* Build configuration list for PBXNativeTarget "RayWenderlichAFTutorialTests" */ = {
			isa = XCConfigurationList;
			buildConfigurations = (
				3C495FF91B445824001D8BC0 /* Debug */,
				3C495FFA1B445824001D8BC0 /* Release */,
			);
			defaultConfigurationIsVisible = 0;
		};
/* End XCConfigurationList section */
	};
	rootObject = 3C495FCE1B445824001D8BC0 /* Project object */;
}
