// !$*UTF8*$!
{
	archiveVersion = 1;
	classes = {
	};
	objectVersion = 46;
	objects = {

/* Begin PBXBuildFile section */
		3CFF65291B3B41A4000D0A0A /* AppDelegate.swift in Sources */ = {isa = PBXBuildFile; fileRef = 3CFF65281B3B41A4000D0A0A /* AppDelegate.swift */; };
		3CFF652B1B3B41A4000D0A0A /* ViewController.swift in Sources */ = {isa = PBXBuildFile; fileRef = 3CFF652A1B3B41A4000D0A0A /* ViewController.swift */; };
		3CFF652E1B3B41A4000D0A0A /* Main.storyboard in Resources */ = {isa = PBXBuildFile; fileRef = 3CFF652C1B3B41A4000D0A0A /* Main.storyboard */; };
		3CFF65301B3B41A4000D0A0A /* Images.xcassets in Resources */ = {isa = PBXBuildFile; fileRef = 3CFF652F1B3B41A4000D0A0A /* Images.xcassets */; };
		3CFF65331B3B41A4000D0A0A /* LaunchScreen.xib in Resources */ = {isa = PBXBuildFile; fileRef = 3CFF65311B3B41A4000D0A0A /* LaunchScreen.xib */; };
		3CFF653F1B3B41A4000D0A0A /* TerribleTodoListTests.swift in Sources */ = {isa = PBXBuildFile; fileRef = 3CFF653E1B3B41A4000D0A0A /* TerribleTodoListTests.swift */; };
		3CFF65491B3B48C9000D0A0A /* ContactViewController.swift in Sources */ = {isa = PBXBuildFile; fileRef = 3CFF65481B3B48C9000D0A0A /* ContactViewController.swift */; };
/* End PBXBuildFile section */

/* Begin PBXContainerItemProxy section */
		3CFF65391B3B41A4000D0A0A /* PBXContainerItemProxy */ = {
			isa = PBXContainerItemProxy;
			containerPortal = 3CFF651B1B3B41A4000D0A0A /* Project object */;
			proxyType = 1;
			remoteGlobalIDString = 3CFF65221B3B41A4000D0A0A;
			remoteInfo = TerribleTodoList;
		};
/* End PBXContainerItemProxy section */

/* Begin PBXFileReference section */
		3CFF65231B3B41A4000D0A0A /* TerribleTodoList.app */ = {isa = PBXFileReference; explicitFileType = wrapper.application; includeInIndex = 0; path = TerribleTodoList.app; sourceTree = BUILT_PRODUCTS_DIR; };
		3CFF65271B3B41A4000D0A0A /* Info.plist */ = {isa = PBXFileReference; lastKnownFileType = text.plist.xml; path = Info.plist; sourceTree = "<group>"; };
		3CFF65281B3B41A4000D0A0A /* AppDelegate.swift */ = {isa = PBXFileReference; lastKnownFileType = sourcecode.swift; path = AppDelegate.swift; sourceTree = "<group>"; };
		3CFF652A1B3B41A4000D0A0A /* ViewController.swift */ = {isa = PBXFileReference; lastKnownFileType = sourcecode.swift; path = ViewController.swift; sourceTree = "<group>"; };
		3CFF652D1B3B41A4000D0A0A /* Base */ = {isa = PBXFileReference; lastKnownFileType = file.storyboard; name = Base; path = Base.lproj/Main.storyboard; sourceTree = "<group>"; };
		3CFF652F1B3B41A4000D0A0A /* Images.xcassets */ = {isa = PBXFileReference; lastKnownFileType = folder.assetcatalog; path = Images.xcassets; sourceTree = "<group>"; };
		3CFF65321B3B41A4000D0A0A /* Base */ = {isa = PBXFileReference; lastKnownFileType = file.xib; name = Base; path = Base.lproj/LaunchScreen.xib; sourceTree = "<group>"; };
		3CFF65381B3B41A4000D0A0A /* TerribleTodoListTests.xctest */ = {isa = PBXFileReference; explicitFileType = wrapper.cfbundle; includeInIndex = 0; path = TerribleTodoListTests.xctest; sourceTree = BUILT_PRODUCTS_DIR; };
		3CFF653D1B3B41A4000D0A0A /* Info.plist */ = {isa = PBXFileReference; lastKnownFileType = text.plist.xml; path = Info.plist; sourceTree = "<group>"; };
		3CFF653E1B3B41A4000D0A0A /* TerribleTodoListTests.swift */ = {isa = PBXFileReference; lastKnownFileType = sourcecode.swift; path = TerribleTodoListTests.swift; sourceTree = "<group>"; };
		3CFF65481B3B48C9000D0A0A /* ContactViewController.swift */ = {isa = PBXFileReference; fileEncoding = 4; lastKnownFileType = sourcecode.swift; path = ContactViewController.swift; sourceTree = "<group>"; };
/* End PBXFileReference section */

/* Begin PBXFrameworksBuildPhase section */
		3CFF65201B3B41A4000D0A0A /* Frameworks */ = {
			isa = PBXFrameworksBuildPhase;
			buildActionMask = 2147483647;
			files = (
			);
			runOnlyForDeploymentPostprocessing = 0;
		};
		3CFF65351B3B41A4000D0A0A /* Frameworks */ = {
			isa = PBXFrameworksBuildPhase;
			buildActionMask = 2147483647;
			files = (
			);
			runOnlyForDeploymentPostprocessing = 0;
		};
/* End PBXFrameworksBuildPhase section */

/* Begin PBXGroup section */
		3CFF651A1B3B41A4000D0A0A = {
			isa = PBXGroup;
			children = (
				3CFF65251B3B41A4000D0A0A /* TerribleTodoList */,
				3CFF653B1B3B41A4000D0A0A /* TerribleTodoListTests */,
				3CFF65241B3B41A4000D0A0A /* Products */,
			);
			sourceTree = "<group>";
		};
		3CFF65241B3B41A4000D0A0A /* Products */ = {
			isa = PBXGroup;
			children = (
				3CFF65231B3B41A4000D0A0A /* TerribleTodoList.app */,
				3CFF65381B3B41A4000D0A0A /* TerribleTodoListTests.xctest */,
			);
			name = Products;
			sourceTree = "<group>";
		};
		3CFF65251B3B41A4000D0A0A /* TerribleTodoList */ = {
			isa = PBXGroup;
			children = (
				3CFF65281B3B41A4000D0A0A /* AppDelegate.swift */,
				3CFF652A1B3B41A4000D0A0A /* ViewController.swift */,
				3CFF65481B3B48C9000D0A0A /* ContactViewController.swift */,
				3CFF652C1B3B41A4000D0A0A /* Main.storyboard */,
				3CFF652F1B3B41A4000D0A0A /* Images.xcassets */,
				3CFF65311B3B41A4000D0A0A /* LaunchScreen.xib */,
				3CFF65261B3B41A4000D0A0A /* Supporting Files */,
			);
			path = TerribleTodoList;
			sourceTree = "<group>";
		};
		3CFF65261B3B41A4000D0A0A /* Supporting Files */ = {
			isa = PBXGroup;
			children = (
				3CFF65271B3B41A4000D0A0A /* Info.plist */,
			);
			name = "Supporting Files";
			sourceTree = "<group>";
		};
		3CFF653B1B3B41A4000D0A0A /* TerribleTodoListTests */ = {
			isa = PBXGroup;
			children = (
				3CFF653E1B3B41A4000D0A0A /* TerribleTodoListTests.swift */,
				3CFF653C1B3B41A4000D0A0A /* Supporting Files */,
			);
			path = TerribleTodoListTests;
			sourceTree = "<group>";
		};
		3CFF653C1B3B41A4000D0A0A /* Supporting Files */ = {
			isa = PBXGroup;
			children = (
				3CFF653D1B3B41A4000D0A0A /* Info.plist */,
			);
			name = "Supporting Files";
			sourceTree = "<group>";
		};
/* End PBXGroup section */

/* Begin PBXNativeTarget section */
		3CFF65221B3B41A4000D0A0A /* TerribleTodoList */ = {
			isa = PBXNativeTarget;
			buildConfigurationList = 3CFF65421B3B41A4000D0A0A /* Build configuration list for PBXNativeTarget "TerribleTodoList" */;
			buildPhases = (
				3CFF651F1B3B41A4000D0A0A /* Sources */,
				3CFF65201B3B41A4000D0A0A /* Frameworks */,
				3CFF65211B3B41A4000D0A0A /* Resources */,
			);
			buildRules = (
			);
			dependencies = (
			);
			name = TerribleTodoList;
			productName = TerribleTodoList;
			productReference = 3CFF65231B3B41A4000D0A0A /* TerribleTodoList.app */;
			productType = "com.apple.product-type.application";
		};
		3CFF65371B3B41A4000D0A0A /* TerribleTodoListTests */ = {
			isa = PBXNativeTarget;
			buildConfigurationList = 3CFF65451B3B41A4000D0A0A /* Build configuration list for PBXNativeTarget "TerribleTodoListTests" */;
			buildPhases = (
				3CFF65341B3B41A4000D0A0A /* Sources */,
				3CFF65351B3B41A4000D0A0A /* Frameworks */,
				3CFF65361B3B41A4000D0A0A /* Resources */,
			);
			buildRules = (
			);
			dependencies = (
				3CFF653A1B3B41A4000D0A0A /* PBXTargetDependency */,
			);
			name = TerribleTodoListTests;
			productName = TerribleTodoListTests;
			productReference = 3CFF65381B3B41A4000D0A0A /* TerribleTodoListTests.xctest */;
			productType = "com.apple.product-type.bundle.unit-test";
		};
/* End PBXNativeTarget section */

/* Begin PBXProject section */
		3CFF651B1B3B41A4000D0A0A /* Project object */ = {
			isa = PBXProject;
			attributes = {
				LastUpgradeCheck = 0630;
				ORGANIZATIONNAME = "Kris Kane";
				TargetAttributes = {
					3CFF65221B3B41A4000D0A0A = {
						CreatedOnToolsVersion = 6.3.2;
					};
					3CFF65371B3B41A4000D0A0A = {
						CreatedOnToolsVersion = 6.3.2;
						TestTargetID = 3CFF65221B3B41A4000D0A0A;
					};
				};
			};
			buildConfigurationList = 3CFF651E1B3B41A4000D0A0A /* Build configuration list for PBXProject "TerribleTodoList" */;
			compatibilityVersion = "Xcode 3.2";
			developmentRegion = English;
			hasScannedForEncodings = 0;
			knownRegions = (
				en,
				Base,
			);
			mainGroup = 3CFF651A1B3B41A4000D0A0A;
			productRefGroup = 3CFF65241B3B41A4000D0A0A /* Products */;
			projectDirPath = "";
			projectRoot = "";
			targets = (
				3CFF65221B3B41A4000D0A0A /* TerribleTodoList */,
				3CFF65371B3B41A4000D0A0A /* TerribleTodoListTests */,
			);
		};
/* End PBXProject section */

/* Begin PBXResourcesBuildPhase section */
		3CFF65211B3B41A4000D0A0A /* Resources */ = {
			isa = PBXResourcesBuildPhase;
			buildActionMask = 2147483647;
			files = (
				3CFF652E1B3B41A4000D0A0A /* Main.storyboard in Resources */,
				3CFF65331B3B41A4000D0A0A /* LaunchScreen.xib in Resources */,
				3CFF65301B3B41A4000D0A0A /* Images.xcassets in Resources */,
			);
			runOnlyForDeploymentPostprocessing = 0;
		};
		3CFF65361B3B41A4000D0A0A /* Resources */ = {
			isa = PBXResourcesBuildPhase;
			buildActionMask = 2147483647;
			files = (
			);
			runOnlyForDeploymentPostprocessing = 0;
		};
/* End PBXResourcesBuildPhase section */

/* Begin PBXSourcesBuildPhase section */
		3CFF651F1B3B41A4000D0A0A /* Sources */ = {
			isa = PBXSourcesBuildPhase;
			buildActionMask = 2147483647;
			files = (
				3CFF652B1B3B41A4000D0A0A /* ViewController.swift in Sources */,
				3CFF65291B3B41A4000D0A0A /* AppDelegate.swift in Sources */,
				3CFF65491B3B48C9000D0A0A /* ContactViewController.swift in Sources */,
			);
			runOnlyForDeploymentPostprocessing = 0;
		};
		3CFF65341B3B41A4000D0A0A /* Sources */ = {
			isa = PBXSourcesBuildPhase;
			buildActionMask = 2147483647;
			files = (
				3CFF653F1B3B41A4000D0A0A /* TerribleTodoListTests.swift in Sources */,
			);
			runOnlyForDeploymentPostprocessing = 0;
		};
/* End PBXSourcesBuildPhase section */

/* Begin PBXTargetDependency section */
		3CFF653A1B3B41A4000D0A0A /* PBXTargetDependency */ = {
			isa = PBXTargetDependency;
			target = 3CFF65221B3B41A4000D0A0A /* TerribleTodoList */;
			targetProxy = 3CFF65391B3B41A4000D0A0A /* PBXContainerItemProxy */;
		};
/* End PBXTargetDependency section */

/* Begin PBXVariantGroup section */
		3CFF652C1B3B41A4000D0A0A /* Main.storyboard */ = {
			isa = PBXVariantGroup;
			children = (
				3CFF652D1B3B41A4000D0A0A /* Base */,
			);
			name = Main.storyboard;
			sourceTree = "<group>";
		};
		3CFF65311B3B41A4000D0A0A /* LaunchScreen.xib */ = {
			isa = PBXVariantGroup;
			children = (
				3CFF65321B3B41A4000D0A0A /* Base */,
			);
			name = LaunchScreen.xib;
			sourceTree = "<group>";
		};
/* End PBXVariantGroup section */

/* Begin XCBuildConfiguration section */
		3CFF65401B3B41A4000D0A0A /* Debug */ = {
			isa = XCBuildConfiguration;
			buildSettings = {
				ALWAYS_SEARCH_USER_PATHS = NO;
				CLANG_CXX_LANGUAGE_STANDARD = "gnu++0x";
				CLANG_CXX_LIBRARY = "libc++";
				CLANG_ENABLE_MODULES = YES;
				CLANG_ENABLE_OBJC_ARC = YES;
				CLANG_WARN_BOOL_CONVERSION = YES;
				CLANG_WARN_CONSTANT_CONVERSION = YES;
				CLANG_WARN_DIRECT_OBJC_ISA_USAGE = YES_ERROR;
				CLANG_WARN_EMPTY_BODY = YES;
				CLANG_WARN_ENUM_CONVERSION = YES;
				CLANG_WARN_INT_CONVERSION = YES;
				CLANG_WARN_OBJC_ROOT_CLASS = YES_ERROR;
				CLANG_WARN_UNREACHABLE_CODE = YES;
				CLANG_WARN__DUPLICATE_METHOD_MATCH = YES;
				"CODE_SIGN_IDENTITY[sdk=iphoneos*]" = "iPhone Developer";
				COPY_PHASE_STRIP = NO;
				DEBUG_INFORMATION_FORMAT = "dwarf-with-dsym";
				ENABLE_STRICT_OBJC_MSGSEND = YES;
				GCC_C_LANGUAGE_STANDARD = gnu99;
				GCC_DYNAMIC_NO_PIC = NO;
				GCC_NO_COMMON_BLOCKS = YES;
				GCC_OPTIMIZATION_LEVEL = 0;
				GCC_PREPROCESSOR_DEFINITIONS = (
					"DEBUG=1",
					"$(inherited)",
				);
				GCC_SYMBOLS_PRIVATE_EXTERN = NO;
				GCC_WARN_64_TO_32_BIT_CONVERSION = YES;
				GCC_WARN_ABOUT_RETURN_TYPE = YES_ERROR;
				GCC_WARN_UNDECLARED_SELECTOR = YES;
				GCC_WARN_UNINITIALIZED_AUTOS = YES_AGGRESSIVE;
				GCC_WARN_UNUSED_FUNCTION = YES;
				GCC_WARN_UNUSED_VARIABLE = YES;
				IPHONEOS_DEPLOYMENT_TARGET = 8.3;
				MTL_ENABLE_DEBUG_INFO = YES;
				ONLY_ACTIVE_ARCH = YES;
				SDKROOT = iphoneos;
				SWIFT_OPTIMIZATION_LEVEL = "-Onone";
			};
			name = Debug;
		};
		3CFF65411B3B41A4000D0A0A /* Release */ = {
			isa = XCBuildConfiguration;
			buildSettings = {
				ALWAYS_SEARCH_USER_PATHS = NO;
				CLANG_CXX_LANGUAGE_STANDARD = "gnu++0x";
				CLANG_CXX_LIBRARY = "libc++";
				CLANG_ENABLE_MODULES = YES;
				CLANG_ENABLE_OBJC_ARC = YES;
				CLANG_WARN_BOOL_CONVERSION = YES;
				CLANG_WARN_CONSTANT_CONVERSION = YES;
				CLANG_WARN_DIRECT_OBJC_ISA_USAGE = YES_ERROR;
				CLANG_WARN_EMPTY_BODY = YES;
				CLANG_WARN_ENUM_CONVERSION = YES;
				CLANG_WARN_INT_CONVERSION = YES;
				CLANG_WARN_OBJC_ROOT_CLASS = YES_ERROR;
				CLANG_WARN_UNREACHABLE_CODE = YES;
				CLANG_WARN__DUPLICATE_METHOD_MATCH = YES;
				"CODE_SIGN_IDENTITY[sdk=iphoneos*]" = "iPhone Developer";
				COPY_PHASE_STRIP = NO;
				DEBUG_INFORMATION_FORMAT = "dwarf-with-dsym";
				ENABLE_NS_ASSERTIONS = NO;
				ENABLE_STRICT_OBJC_MSGSEND = YES;
				GCC_C_LANGUAGE_STANDARD = gnu99;
				GCC_NO_COMMON_BLOCKS = YES;
				GCC_WARN_64_TO_32_BIT_CONVERSION = YES;
				GCC_WARN_ABOUT_RETURN_TYPE = YES_ERROR;
				GCC_WARN_UNDECLARED_SELECTOR = YES;
				GCC_WARN_UNINITIALIZED_AUTOS = YES_AGGRESSIVE;
				GCC_WARN_UNUSED_FUNCTION = YES;
				GCC_WARN_UNUSED_VARIABLE = YES;
				IPHONEOS_DEPLOYMENT_TARGET = 8.3;
				MTL_ENABLE_DEBUG_INFO = NO;
				SDKROOT = iphoneos;
				VALIDATE_PRODUCT = YES;
			};
			name = Release;
		};
		3CFF65431B3B41A4000D0A0A /* Debug */ = {
			isa = XCBuildConfiguration;
			buildSettings = {
				ASSETCATALOG_COMPILER_APPICON_NAME = AppIcon;
				INFOPLIST_FILE = TerribleTodoList/Info.plist;
				LD_RUNPATH_SEARCH_PATHS = "$(inherited) @executable_path/Frameworks";
				PRODUCT_NAME = "$(TARGET_NAME)";
			};
			name = Debug;
		};
		3CFF65441B3B41A4000D0A0A /* Release */ = {
			isa = XCBuildConfiguration;
			buildSettings = {
				ASSETCATALOG_COMPILER_APPICON_NAME = AppIcon;
				INFOPLIST_FILE = TerribleTodoList/Info.plist;
				LD_RUNPATH_SEARCH_PATHS = "$(inherited) @executable_path/Frameworks";
				PRODUCT_NAME = "$(TARGET_NAME)";
			};
			name = Release;
		};
		3CFF65461B3B41A4000D0A0A /* Debug */ = {
			isa = XCBuildConfiguration;
			buildSettings = {
				BUNDLE_LOADER = "$(TEST_HOST)";
				FRAMEWORK_SEARCH_PATHS = (
					"$(SDKROOT)/Developer/Library/Frameworks",
					"$(inherited)",
				);
				GCC_PREPROCESSOR_DEFINITIONS = (
					"DEBUG=1",
					"$(inherited)",
				);
				INFOPLIST_FILE = TerribleTodoListTests/Info.plist;
				LD_RUNPATH_SEARCH_PATHS = "$(inherited) @executable_path/Frameworks @loader_path/Frameworks";
				PRODUCT_NAME = "$(TARGET_NAME)";
				TEST_HOST = "$(BUILT_PRODUCTS_DIR)/TerribleTodoList.app/TerribleTodoList";
			};
			name = Debug;
		};
		3CFF65471B3B41A4000D0A0A /* Release */ = {
			isa = XCBuildConfiguration;
			buildSettings = {
				BUNDLE_LOADER = "$(TEST_HOST)";
				FRAMEWORK_SEARCH_PATHS = (
					"$(SDKROOT)/Developer/Library/Frameworks",
					"$(inherited)",
				);
				INFOPLIST_FILE = TerribleTodoListTests/Info.plist;
				LD_RUNPATH_SEARCH_PATHS = "$(inherited) @executable_path/Frameworks @loader_path/Frameworks";
				PRODUCT_NAME = "$(TARGET_NAME)";
				TEST_HOST = "$(BUILT_PRODUCTS_DIR)/TerribleTodoList.app/TerribleTodoList";
			};
			name = Release;
		};
/* End XCBuildConfiguration section */

/* Begin XCConfigurationList section */
		3CFF651E1B3B41A4000D0A0A /* Build configuration list for PBXProject "TerribleTodoList" */ = {
			isa = XCConfigurationList;
			buildConfigurations = (
				3CFF65401B3B41A4000D0A0A /* Debug */,
				3CFF65411B3B41A4000D0A0A /* Release */,
			);
			defaultConfigurationIsVisible = 0;
			defaultConfigurationName = Release;
		};
		3CFF65421B3B41A4000D0A0A /* Build configuration list for PBXNativeTarget "TerribleTodoList" */ = {
			isa = XCConfigurationList;
			buildConfigurations = (
				3CFF65431B3B41A4000D0A0A /* Debug */,
				3CFF65441B3B41A4000D0A0A /* Release */,
			);
			defaultConfigurationIsVisible = 0;
		};
		3CFF65451B3B41A4000D0A0A /* Build configuration list for PBXNativeTarget "TerribleTodoListTests" */ = {
			isa = XCConfigurationList;
			buildConfigurations = (
				3CFF65461B3B41A4000D0A0A /* Debug */,
				3CFF65471B3B41A4000D0A0A /* Release */,
			);
			defaultConfigurationIsVisible = 0;
		};
/* End XCConfigurationList section */
	};
	rootObject = 3CFF651B1B3B41A4000D0A0A /* Project object */;
}
